<Solution>
  <Folder Name="/AST/">
    <Project Path="Lumi.AST.Tests/Lumi.AST.Tests.csproj" Id="d0110146-a007-4e73-8281-af1fa0a4b947" />
    <Project Path="Lumi.AST/Lumi.AST.csproj" />
  </Folder>
  <Folder Name="/Bytecode/">
    <Project Path="Lumi.Bytecode.Tests/Lumi.Bytecode.Tests.csproj" Id="1bb266de-4633-4ce5-8d36-74c217763059" />
    <Project Path="Lumi.Bytecode/Lumi.Bytecode.csproj" />
  </Folder>
  <Folder Name="/Docs/">
    <File Path="Docs/README.md" />
    <File Path="Docs/LANGUAGE_FEATURES.md" />
  </Folder>
   <Folder Name="/Engine/">
     <Project Path="Lumi.Engine.Tests/Lumi.Engine.Tests.csproj" Id="a73834e7-2885-4baf-ab46-ebdcf7f6261b" />
     <Project Path="Lumi.Engine/Lumi.Engine.csproj" Id="a3a41d6f-a471-4f9c-abf5-944e9ba6c766" />
   </Folder>
  <Folder Name="/Lexer/">
    <Project Path="Lumi.Lexer.Tests/Lumi.Lexer.Tests.csproj" />
    <Project Path="Lumi.Lexer/Lumi.Lexer.csproj" />
  </Folder>
  <Folder Name="/Language/">
    <Project Path="Lumi.Language/Lumi.Language.csproj" />
  </Folder>
  <Folder Name="/StdLib/">
    <Project Path="Lumi.StdLib.Tests/Lumi.StdLib.Tests.csproj" />
    <Project Path="Lumi.StdLib/Lumi.StdLib.csproj" />
  </Folder>
  <Folder Name="/Parser/">
    <Project Path="Lumi.Parser.Tests/Lumi.Parser.Tests.csproj" />
    <Project Path="Lumi.Parser/Lumi.Parser.csproj" />
  </Folder>
  <Folder Name="/SemanticAnalyzer/">
    <Project Path="Lumi.SemanticAnalyzer.Tests/Lumi.SemanticAnalyzer.Tests.csproj" />
    <Project Path="Lumi.SemanticAnalyzer/Lumi.SemanticAnalyzer.csproj" />
  </Folder>
  <Folder Name="/VM/">
    <Project Path="Lumi.VM.Heap.Tests/Lumi.VM.Heap.Tests.csproj"/>
    <Project Path="Lumi.VM.Tests/Lumi.VM.Tests.csproj" Id="8ad99de0-3338-4a31-8f45-f4af1f525e68" />
    <Project Path="Lumi.VM/Lumi.VM.csproj" Id="9c4addc6-51bc-4c11-97cb-d4623b4dd17d" />
  </Folder>
</Solution>
